
Microsoft Visual Studio Solution File, Format Version 12.00
# Visual Studio 15
Project("{FAE04EC0-301F-11D3-BF4B-00C04F79EFBC}") = "Homework_2.Android", "Homework_2.Android\Homework_2.Android.csproj", "{392FE1A1-F864-4F9E-92FA-79F3096C88C7}"
EndProject
Project("{FAE04EC0-301F-11D3-BF4B-00C04F79EFBC}") = "Homework_2.iOS", "Homework_2.iOS\Homework_2.iOS.csproj", "{9EC3CDB2-C3EA-49B7-9C8B-D4A26F0646AA}"
EndProject
Project("{FAE04EC0-301F-11D3-BF4B-00C04F79EFBC}") = "Homework_2", "Homework_2\Homework_2.csproj", "{C6E0AF9E-25DD-4EAD-9473-484419CD7366}"
EndProject
Global
	GlobalSection(SolutionConfigurationPlatforms) = preSolution
		Debug|Any CPU = Debug|Any CPU
		Release|Any CPU = Release|Any CPU
		Debug|iPhoneSimulator = Debug|iPhoneSimulator
		Release|iPhoneSimulator = Release|iPhoneSimulator
		Debug|iPhone = Debug|iPhone
		Release|iPhone = Release|iPhone
		Ad-Hoc|iPhone = Ad-Hoc|iPhone
		AppStore|iPhone = AppStore|iPhone
	EndGlobalSection
	GlobalSection(ProjectConfigurationPlatforms) = postSolution
		{392FE1A1-F864-4F9E-92FA-79F3096C88C7}.Debug|Any CPU.ActiveCfg = Debug|Any CPU
		{392FE1A1-F864-4F9E-92FA-79F3096C88C7}.Debug|Any CPU.Build.0 = Debug|Any CPU
		{392FE1A1-F864-4F9E-92FA-79F3096C88C7}.Release|Any CPU.ActiveCfg = Release|Any CPU
		{392FE1A1-F864-4F9E-92FA-79F3096C88C7}.Release|Any CPU.Build.0 = Release|Any CPU
		{392FE1A1-F864-4F9E-92FA-79F3096C88C7}.Debug|iPhoneSimulator.ActiveCfg = Debug|Any CPU
		{392FE1A1-F864-4F9E-92FA-79F3096C88C7}.Debug|iPhoneSimulator.Build.0 = Debug|Any CPU
		{392FE1A1-F864-4F9E-92FA-79F3096C88C7}.Release|iPhoneSimulator.ActiveCfg = Release|Any CPU
		{392FE1A1-F864-4F9E-92FA-79F3096C88C7}.Release|iPhoneSimulator.Build.0 = Release|Any CPU
		{392FE1A1-F864-4F9E-92FA-79F3096C88C7}.Debug|iPhone.ActiveCfg = Debug|Any CPU
		{392FE1A1-F864-4F9E-92FA-79F3096C88C7}.Debug|iPhone.Build.0 = Debug|Any CPU
		{392FE1A1-F864-4F9E-92FA-79F3096C88C7}.Release|iPhone.ActiveCfg = Release|Any CPU
		{392FE1A1-F864-4F9E-92FA-79F3096C88C7}.Release|iPhone.Build.0 = Release|Any CPU
		{392FE1A1-F864-4F9E-92FA-79F3096C88C7}.Ad-Hoc|iPhone.ActiveCfg = Debug|Any CPU
		{392FE1A1-F864-4F9E-92FA-79F3096C88C7}.Ad-Hoc|iPhone.Build.0 = Debug|Any CPU
		{392FE1A1-F864-4F9E-92FA-79F3096C88C7}.AppStore|iPhone.ActiveCfg = Debug|Any CPU
		{392FE1A1-F864-4F9E-92FA-79F3096C88C7}.AppStore|iPhone.Build.0 = Debug|Any CPU
		{9EC3CDB2-C3EA-49B7-9C8B-D4A26F0646AA}.Debug|Any CPU.ActiveCfg = Debug|iPhoneSimulator
		{9EC3CDB2-C3EA-49B7-9C8B-D4A26F0646AA}.Debug|Any CPU.Build.0 = Debug|iPhoneSimulator
		{9EC3CDB2-C3EA-49B7-9C8B-D4A26F0646AA}.Release|Any CPU.ActiveCfg = Release|iPhoneSimulator
		{9EC3CDB2-C3EA-49B7-9C8B-D4A26F0646AA}.Release|Any CPU.Build.0 = Release|iPhoneSimulator
		{9EC3CDB2-C3EA-49B7-9C8B-D4A26F0646AA}.Debug|iPhoneSimulator.ActiveCfg = Debug|iPhoneSimulator
		{9EC3CDB2-C3EA-49B7-9C8B-D4A26F0646AA}.Debug|iPhoneSimulator.Build.0 = Debug|iPhoneSimulator
		{9EC3CDB2-C3EA-49B7-9C8B-D4A26F0646AA}.Release|iPhoneSimulator.ActiveCfg = Release|iPhoneSimulator
		{9EC3CDB2-C3EA-49B7-9C8B-D4A26F0646AA}.Release|iPhoneSimulator.Build.0 = Release|iPhoneSimulator
		{9EC3CDB2-C3EA-49B7-9C8B-D4A26F0646AA}.Debug|iPhone.ActiveCfg = Debug|iPhone
		{9EC3CDB2-C3EA-49B7-9C8B-D4A26F0646AA}.Debug|iPhone.Build.0 = Debug|iPhone
		{9EC3CDB2-C3EA-49B7-9C8B-D4A26F0646AA}.Release|iPhone.ActiveCfg = Release|iPhone
		{9EC3CDB2-C3EA-49B7-9C8B-D4A26F0646AA}.Release|iPhone.Build.0 = Release|iPhone
		{9EC3CDB2-C3EA-49B7-9C8B-D4A26F0646AA}.Ad-Hoc|iPhone.ActiveCfg = Ad-Hoc|iPhone
		{9EC3CDB2-C3EA-49B7-9C8B-D4A26F0646AA}.Ad-Hoc|iPhone.Build.0 = Ad-Hoc|iPhone
		{9EC3CDB2-C3EA-49B7-9C8B-D4A26F0646AA}.AppStore|iPhone.ActiveCfg = AppStore|iPhone
		{9EC3CDB2-C3EA-49B7-9C8B-D4A26F0646AA}.AppStore|iPhone.Build.0 = AppStore|iPhone
		{C6E0AF9E-25DD-4EAD-9473-484419CD7366}.Debug|Any CPU.ActiveCfg = Debug|Any CPU
		{C6E0AF9E-25DD-4EAD-9473-484419CD7366}.Debug|Any CPU.Build.0 = Debug|Any CPU
		{C6E0AF9E-25DD-4EAD-9473-484419CD7366}.Release|Any CPU.ActiveCfg = Release|Any CPU
		{C6E0AF9E-25DD-4EAD-9473-484419CD7366}.Release|Any CPU.Build.0 = Release|Any CPU
		{C6E0AF9E-25DD-4EAD-9473-484419CD7366}.Debug|iPhoneSimulator.ActiveCfg = Debug|Any CPU
		{C6E0AF9E-25DD-4EAD-9473-484419CD7366}.Debug|iPhoneSimulator.Build.0 = Debug|Any CPU
		{C6E0AF9E-25DD-4EAD-9473-484419CD7366}.Release|iPhoneSimulator.ActiveCfg = Release|Any CPU
		{C6E0AF9E-25DD-4EAD-9473-484419CD7366}.Release|iPhoneSimulator.Build.0 = Release|Any CPU
		{C6E0AF9E-25DD-4EAD-9473-484419CD7366}.Debug|iPhone.ActiveCfg = Debug|Any CPU
		{C6E0AF9E-25DD-4EAD-9473-484419CD7366}.Debug|iPhone.Build.0 = Debug|Any CPU
		{C6E0AF9E-25DD-4EAD-9473-484419CD7366}.Release|iPhone.ActiveCfg = Release|Any CPU
		{C6E0AF9E-25DD-4EAD-9473-484419CD7366}.Release|iPhone.Build.0 = Release|Any CPU
		{C6E0AF9E-25DD-4EAD-9473-484419CD7366}.Ad-Hoc|iPhone.ActiveCfg = Debug|Any CPU
		{C6E0AF9E-25DD-4EAD-9473-484419CD7366}.Ad-Hoc|iPhone.Build.0 = Debug|Any CPU
		{C6E0AF9E-25DD-4EAD-9473-484419CD7366}.AppStore|iPhone.ActiveCfg = Debug|Any CPU
		{C6E0AF9E-25DD-4EAD-9473-484419CD7366}.AppStore|iPhone.Build.0 = Debug|Any CPU
	EndGlobalSection
EndGlobal
